
Microsoft Visual Studio Solution File, Format Version 12.00
# Visual Studio 15
VisualStudioVersion = 15.0.28307.1433
MinimumVisualStudioVersion = 10.0.40219.1
Project("{2150E333-8FDC-42A3-9474-1A3956D46DE8}") = "Applications", "Applications", "{057B832B-AA7B-48A2-B231-F43E2B69DADB}"
EndProject
Project("{2150E333-8FDC-42A3-9474-1A3956D46DE8}") = "Libraries", "Libraries", "{D238B3B5-037A-4F98-8F16-4BF583954A47}"
EndProject
Project("{FAE04EC0-301F-11D3-BF4B-00C04F79EFBC}") = "SV18T1021118.Web", "SV18T1021118.Web\SV18T1021118.Web.csproj", "{3939EE92-F84F-41DB-A9C0-3A123F37FA36}"
EndProject
Project("{FAE04EC0-301F-11D3-BF4B-00C04F79EFBC}") = "SV18T1021118.DomainModel", "SV18T1021118.DomainModel\SV18T1021118.DomainModel.csproj", "{827D9EFF-DCAA-44EE-B2E8-F0C881E50FDA}"
EndProject
Project("{FAE04EC0-301F-11D3-BF4B-00C04F79EFBC}") = "SV18T1021118.DataLayer", "SV18T1021118.DataLayer\SV18T1021118.DataLayer.csproj", "{3FA5BC70-1960-4CD7-87D6-191AC7E43BDA}"
EndProject
Project("{FAE04EC0-301F-11D3-BF4B-00C04F79EFBC}") = "SV18T1021118.BusinessLayer", "SV18T1021118.BusinessLayer\SV18T1021118.BusinessLayer.csproj", "{741FD801-6CAC-4AFB-AC0B-D23245939723}"
EndProject
Global
	GlobalSection(SolutionConfigurationPlatforms) = preSolution
		Debug|Any CPU = Debug|Any CPU
		Release|Any CPU = Release|Any CPU
	EndGlobalSection
	GlobalSection(ProjectConfigurationPlatforms) = postSolution
		{3939EE92-F84F-41DB-A9C0-3A123F37FA36}.Debug|Any CPU.ActiveCfg = Debug|Any CPU
		{3939EE92-F84F-41DB-A9C0-3A123F37FA36}.Debug|Any CPU.Build.0 = Debug|Any CPU
		{3939EE92-F84F-41DB-A9C0-3A123F37FA36}.Release|Any CPU.ActiveCfg = Release|Any CPU
		{3939EE92-F84F-41DB-A9C0-3A123F37FA36}.Release|Any CPU.Build.0 = Release|Any CPU
		{827D9EFF-DCAA-44EE-B2E8-F0C881E50FDA}.Debug|Any CPU.ActiveCfg = Debug|Any CPU
		{827D9EFF-DCAA-44EE-B2E8-F0C881E50FDA}.Debug|Any CPU.Build.0 = Debug|Any CPU
		{827D9EFF-DCAA-44EE-B2E8-F0C881E50FDA}.Release|Any CPU.ActiveCfg = Release|Any CPU
		{827D9EFF-DCAA-44EE-B2E8-F0C881E50FDA}.Release|Any CPU.Build.0 = Release|Any CPU
		{3FA5BC70-1960-4CD7-87D6-191AC7E43BDA}.Debug|Any CPU.ActiveCfg = Debug|Any CPU
		{3FA5BC70-1960-4CD7-87D6-191AC7E43BDA}.Debug|Any CPU.Build.0 = Debug|Any CPU
		{3FA5BC70-1960-4CD7-87D6-191AC7E43BDA}.Release|Any CPU.ActiveCfg = Release|Any CPU
		{3FA5BC70-1960-4CD7-87D6-191AC7E43BDA}.Release|Any CPU.Build.0 = Release|Any CPU
		{741FD801-6CAC-4AFB-AC0B-D23245939723}.Debug|Any CPU.ActiveCfg = Debug|Any CPU
		{741FD801-6CAC-4AFB-AC0B-D23245939723}.Debug|Any CPU.Build.0 = Debug|Any CPU
		{741FD801-6CAC-4AFB-AC0B-D23245939723}.Release|Any CPU.ActiveCfg = Release|Any CPU
		{741FD801-6CAC-4AFB-AC0B-D23245939723}.Release|Any CPU.Build.0 = Release|Any CPU
	EndGlobalSection
	GlobalSection(SolutionProperties) = preSolution
		HideSolutionNode = FALSE
	EndGlobalSection
	GlobalSection(NestedProjects) = preSolution
		{3939EE92-F84F-41DB-A9C0-3A123F37FA36} = {057B832B-AA7B-48A2-B231-F43E2B69DADB}
		{827D9EFF-DCAA-44EE-B2E8-F0C881E50FDA} = {D238B3B5-037A-4F98-8F16-4BF583954A47}
		{3FA5BC70-1960-4CD7-87D6-191AC7E43BDA} = {D238B3B5-037A-4F98-8F16-4BF583954A47}
		{741FD801-6CAC-4AFB-AC0B-D23245939723} = {D238B3B5-037A-4F98-8F16-4BF583954A47}
	EndGlobalSection
	GlobalSection(ExtensibilityGlobals) = postSolution
		SolutionGuid = {4E0545EC-221C-43FD-BC05-6A5C52F6E8FA}
	EndGlobalSection
EndGlobal
